
Microsoft Visual Studio Solution File, Format Version 12.00
# Visual Studio Version 17
VisualStudioVersion = 17.14.36109.1 d17.14
MinimumVisualStudioVersion = 10.0.40219.1
Project("{FAE04EC0-301F-11D3-BF4B-00C04F79EFBC}") = "DiseñoOptico", "DiseñoOptico\DiseñoOptico.csproj", "{A62B8AFA-5C46-47C7-985F-FAE37E19E9F1}"
EndProject
Global
	GlobalSection(SolutionConfigurationPlatforms) = preSolution
		Debug|Any CPU = Debug|Any CPU
		Release|Any CPU = Release|Any CPU
	EndGlobalSection
	GlobalSection(ProjectConfigurationPlatforms) = postSolution
		{A62B8AFA-5C46-47C7-985F-FAE37E19E9F1}.Debug|Any CPU.ActiveCfg = Debug|Any CPU
		{A62B8AFA-5C46-47C7-985F-FAE37E19E9F1}.Debug|Any CPU.Build.0 = Debug|Any CPU
		{A62B8AFA-5C46-47C7-985F-FAE37E19E9F1}.Release|Any CPU.ActiveCfg = Release|Any CPU
		{A62B8AFA-5C46-47C7-985F-FAE37E19E9F1}.Release|Any CPU.Build.0 = Release|Any CPU
	EndGlobalSection
	GlobalSection(SolutionProperties) = preSolution
		HideSolutionNode = FALSE
	EndGlobalSection
	GlobalSection(ExtensibilityGlobals) = postSolution
		SolutionGuid = {686F078B-8F26-444B-A59D-494F7DFA9F49}
	EndGlobalSection
EndGlobal
